
Microsoft Visual Studio Solution File, Format Version 12.00
# Visual Studio Version 17
VisualStudioVersion = 17.10.35027.167
MinimumVisualStudioVersion = 10.0.40219.1
Project("{FAE04EC0-301F-11D3-BF4B-00C04F79EFBC}") = "Babki", "Babki\Babki.csproj", "{7C9BBE94-892C-4236-B435-CAF37B658A81}"
EndProject
Global
	GlobalSection(SolutionConfigurationPlatforms) = preSolution
		Debug|Any CPU = Debug|Any CPU
		Release|Any CPU = Release|Any CPU
	EndGlobalSection
	GlobalSection(ProjectConfigurationPlatforms) = postSolution
		{7C9BBE94-892C-4236-B435-CAF37B658A81}.Debug|Any CPU.ActiveCfg = Debug|Any CPU
		{7C9BBE94-892C-4236-B435-CAF37B658A81}.Debug|Any CPU.Build.0 = Debug|Any CPU
		{7C9BBE94-892C-4236-B435-CAF37B658A81}.Release|Any CPU.ActiveCfg = Release|Any CPU
		{7C9BBE94-892C-4236-B435-CAF37B658A81}.Release|Any CPU.Build.0 = Release|Any CPU
	EndGlobalSection
	GlobalSection(SolutionProperties) = preSolution
		HideSolutionNode = FALSE
	EndGlobalSection
	GlobalSection(ExtensibilityGlobals) = postSolution
		SolutionGuid = {CB0D1B06-744A-4FAD-8C7A-278A30A55A55}
	EndGlobalSection
EndGlobal
